
Microsoft Visual Studio Solution File, Format Version 11.00
# Visual Studio 2010
Project("{FAE04EC0-301F-11D3-BF4B-00C04F79EFBC}") = "FINDING COCKROACH", "Assembly-CSharp.csproj", "{5C301D28-7565-6FA6-A980-52487424CECD}"
EndProject
Project("{FAE04EC0-301F-11D3-BF4B-00C04F79EFBC}") = "FINDING COCKROACH", "Assembly-CSharp-Editor.csproj", "{8EAAFF30-9400-5C25-14CB-62DC0D395E39}"
EndProject
Global
	GlobalSection(SolutionConfigurationPlatforms) = preSolution
		Debug|Any CPU = Debug|Any CPU
		Release|Any CPU = Release|Any CPU
	EndGlobalSection
	GlobalSection(ProjectConfigurationPlatforms) = postSolution
		{5C301D28-7565-6FA6-A980-52487424CECD}.Debug|Any CPU.ActiveCfg = Debug|Any CPU
		{5C301D28-7565-6FA6-A980-52487424CECD}.Debug|Any CPU.Build.0 = Debug|Any CPU
		{5C301D28-7565-6FA6-A980-52487424CECD}.Release|Any CPU.ActiveCfg = Release|Any CPU
		{5C301D28-7565-6FA6-A980-52487424CECD}.Release|Any CPU.Build.0 = Release|Any CPU
		{8EAAFF30-9400-5C25-14CB-62DC0D395E39}.Debug|Any CPU.ActiveCfg = Debug|Any CPU
		{8EAAFF30-9400-5C25-14CB-62DC0D395E39}.Debug|Any CPU.Build.0 = Debug|Any CPU
		{8EAAFF30-9400-5C25-14CB-62DC0D395E39}.Release|Any CPU.ActiveCfg = Release|Any CPU
		{8EAAFF30-9400-5C25-14CB-62DC0D395E39}.Release|Any CPU.Build.0 = Release|Any CPU
	EndGlobalSection
	GlobalSection(SolutionProperties) = preSolution
		HideSolutionNode = FALSE
	EndGlobalSection
	GlobalSection(MonoDevelopProperties) = preSolution
		StartupItem = Assembly-CSharp.csproj
	EndGlobalSection
EndGlobal
